# THIS IS AN AUTOGENERATED FILE. DO NOT EDIT THIS FILE DIRECTLY.
# yarn lockfile v1


"@openzeppelin/contracts@^2.5.0":
  version "2.5.1"
  resolved "https://registry.yarnpkg.com/@openzeppelin/contracts/-/contracts-2.5.1.tgz#c76e3fc57aa224da3718ec351812a4251289db31"
  integrity sha512-qIy6tLx8rtybEsIOAlrM4J/85s2q2nPkDqj/Rx46VakBZ0LwtFhXIVub96LXHczQX0vaqmAueDqNPXtbSXSaYQ==
