# THIS IS AN AUTOGENERATED FILE. DO NOT EDIT THIS FILE DIRECTLY.
# yarn lockfile v1


assertion-error@^1.1.0:
  version "1.1.0"
  resolved "https://registry.yarnpkg.com/assertion-error/-/assertion-error-1.1.0.tgz#e60b6b0e8f301bd97e5375215bda406c85118c0b"
  integrity sha512-jgsaNduz+ndvGyFt3uSuWqvy4lCnIJiovtouQN5JZHOKCS2QuhEdbcQHFhVksz2N2U9hXJo8odG7ETyWlEeuDw==

chai-as-promised@^7.1.1:
  version "7.1.1"
  resolved "https://registry.yarnpkg.com/chai-as-promised/-/chai-as-promised-7.1.1.tgz#08645d825deb8696ee61725dbf590c012eb00ca0"
  integrity sha512-azL6xMoi+uxu6z4rhWQ1jbdUhOMhis2PvscD/xjLqNMkv3BPPp2JyyuTHOrf9BOosGpNQ11v6BKv/g57RXbiaA==
  dependencies:
    check-error "^1.0.2"

chai-bignumber@^3.0.0:
  version "3.0.0"
  resolved "https://registry.yarnpkg.com/chai-bignumber/-/chai-bignumber-3.0.0.tgz#e90cf1f468355bbb11a9acd051222586cd2648a9"
  integrity sha512-SubOtaSI2AILWTWe2j0c6i2yFT/f9J6UBjeVGDuwDiPLkF/U5+/eTWUE3sbCZ1KgcPF6UJsDVYbIxaYA097MQA==

chai@^4.3.4:
  version "4.3.4"
  resolved "https://registry.yarnpkg.com/chai/-/chai-4.3.4.tgz#b55e655b31e1eac7099be4c08c21964fce2e6c49"
  integrity sha512-yS5H68VYOCtN1cjfwumDSuzn/9c+yza4f3reKXlE5rUg7SFcCEy90gJvydNgOYtblyf4Zi6jIWRnXOgErta0KA==
  dependencies:
    assertion-error "^1.1.0"
    check-error "^1.0.2"
    deep-eql "^3.0.1"
    get-func-name "^2.0.0"
    pathval "^1.1.1"
    type-detect "^4.0.5"

check-error@^1.0.2:
  version "1.0.2"
  resolved "https://registry.yarnpkg.com/check-error/-/check-error-1.0.2.tgz#574d312edd88bb5dd8912e9286dd6c0aed4aac82"
  integrity sha1-V00xLt2Iu13YkS6Sht1sCu1KrII=

deep-eql@^3.0.1:
  version "3.0.1"
  resolved "https://registry.yarnpkg.com/deep-eql/-/deep-eql-3.0.1.tgz#dfc9404400ad1c8fe023e7da1df1c147c4b444df"
  integrity sha512-+QeIQyN5ZuO+3Uk5DYh6/1eKO0m0YmJFGNmFHGACpf1ClL1nmlV/p4gNgbl2pJGxgXb4faqo6UE+M5ACEMyVcw==
  dependencies:
    type-detect "^4.0.0"

get-func-name@^2.0.0:
  version "2.0.0"
  resolved "https://registry.yarnpkg.com/get-func-name/-/get-func-name-2.0.0.tgz#ead774abee72e20409433a066366023dd6887a41"
  integrity sha1-6td0q+5y4gQJQzoGY2YCPdaIekE=

pathval@^1.1.1:
  version "1.1.1"
  resolved "https://registry.yarnpkg.com/pathval/-/pathval-1.1.1.tgz#8534e77a77ce7ac5a2512ea21e0fdb8fcf6c3d8d"
  integrity sha512-Dp6zGqpTdETdR63lehJYPeIOqpiNBNtc7BpWSLrOje7UaIsE5aY92r/AunQA7rsXvet3lrJ3JnZX29UPTKXyKQ==

type-detect@^4.0.0, type-detect@^4.0.5:
  version "4.0.8"
  resolved "https://registry.yarnpkg.com/type-detect/-/type-detect-4.0.8.tgz#7646fb5f18871cfbb7749e69bd39a6388eb7450c"
  integrity sha512-0fr/mIH1dlO+x7TlcMy+bIDqKPsw/70tVyeHW787goQjhmqaZe10uwLujubK9q9Lg6Fiho1KUKDYz0Z7k7g5/g==
